
Microsoft Visual Studio Solution File, Format Version 12.00
# Visual Studio Version 16
VisualStudioVersion = 16.0.29306.81
MinimumVisualStudioVersion = 10.0.40219.1
Project("{FAE04EC0-301F-11D3-BF4B-00C04F79EFBC}") = "POButler", "POButler\POButler.csproj", "{8645EE16-B253-0123-3DA8-39360D02315A}"
EndProject
Project("{FAE04EC0-301F-11D3-BF4B-00C04F79EFBC}") = "BarcodeEncoder", "..\BarcodeEncoder\BarcodeEncoder\BarcodeEncoder.csproj", "{843D1229-6136-4F72-8E2F-19932D32DE6B}"
EndProject
Global
	GlobalSection(SolutionConfigurationPlatforms) = preSolution
		Debug|Any CPU = Debug|Any CPU
		Release|Any CPU = Release|Any CPU
	EndGlobalSection
	GlobalSection(ProjectConfigurationPlatforms) = postSolution
		{8645EE16-B253-0123-3DA8-39360D02315A}.Debug|Any CPU.ActiveCfg = Debug|Any CPU
		{8645EE16-B253-0123-3DA8-39360D02315A}.Debug|Any CPU.Build.0 = Debug|Any CPU
		{8645EE16-B253-0123-3DA8-39360D02315A}.Release|Any CPU.ActiveCfg = Release|Any CPU
		{8645EE16-B253-0123-3DA8-39360D02315A}.Release|Any CPU.Build.0 = Release|Any CPU
		{843D1229-6136-4F72-8E2F-19932D32DE6B}.Debug|Any CPU.ActiveCfg = Debug|Any CPU
		{843D1229-6136-4F72-8E2F-19932D32DE6B}.Debug|Any CPU.Build.0 = Debug|Any CPU
		{843D1229-6136-4F72-8E2F-19932D32DE6B}.Release|Any CPU.ActiveCfg = Release|Any CPU
		{843D1229-6136-4F72-8E2F-19932D32DE6B}.Release|Any CPU.Build.0 = Release|Any CPU
	EndGlobalSection
	GlobalSection(SolutionProperties) = preSolution
		HideSolutionNode = FALSE
	EndGlobalSection
	GlobalSection(ExtensibilityGlobals) = postSolution
		SolutionGuid = {D9475224-76B6-4080-AF45-42BB104B18DC}
	EndGlobalSection
EndGlobal
